{
  "nodes": {
    "flake-utils": {
      "inputs": {
        "systems": "systems"
      },
      "locked": {
        "lastModified": 1731533236,
        "narHash": "sha256-l0KFg5HjrsfsO/JpG+r7fRrqm12kzFHyUHqHCVpMMbI=",
        "owner": "numtide",
        "repo": "flake-utils",
        "rev": "11707dc2f618dd54ca8739b309ec4fc024de578b",
        "type": "github"
      },
      "original": {
        "owner": "numtide",
        "repo": "flake-utils",
        "type": "github"
      }
    },
    "light": {
      "inputs": {
        "nixpkgs": "nixpkgs"
      },
      "locked": {
        "lastModified": 1786157709,
        "narHash": "sha256-FfPsY6iHsgdYcDAW8hc/JDuPHyHcUC+6EU0JzoV7PX4=",
        "owner": "garado",
        "repo": "light",
        "rev": "c57e5c7a950fbf951699cd3fcf500743a4295366",
        "type": "github"
      },
      "original": {
        "owner": "garado",
        "ref": "v0.3.0",
        "repo": "light",
        "type": "github"
      }
    },
    "nixpkgs": {
      "locked": {
        "lastModified": 1773507054,
        "narHash": "sha256-Q8U5VXgrcxmCxPtCCJCIZkcAX3FCZwGh1GNVIXxMND0=",
        "owner": "NixOS",
        "repo": "nixpkgs",
        "rev": "e80236013dc8b77aa49ca90e7a12d86f5d8d64c9",
        "type": "github"
      },
      "original": {
        "owner": "NixOS",
        "ref": "nixpkgs-unstable",
        "repo": "nixpkgs",
        "type": "github"
      }
    },
    "nixpkgs_2": {
      "locked": {
        "lastModified": 1788584326,
        "narHash": "sha256-Fd3OB8J9JhgliQwOKcqx4M672CInxi1I5VnwsaXeSQo=",
        "owner": "NixOS",
        "repo": "nixpkgs",
        "rev": "6713828a351efa628b025a1adf7f43cbf8597513",
        "type": "github"
      },
      "original": {
        "owner": "NixOS",
        "ref": "nixos-26.05",
        "repo": "nixpkgs",
        "type": "github"
      }
    },
    "root": {
      "inputs": {
        "flake-utils": "flake-utils",
        "light": "light",
        "nixpkgs": "nixpkgs_2"
      }
    },
    "systems": {
      "locked": {
        "lastModified": 1681028828,
        "narHash": "sha256-Vy1rq5AaRuLzOxct8nz4T6wlgyUR7zLU309k9mBC768=",
        "owner": "nix-systems",
        "repo": "default",
        "rev": "da67096a3b9bf56a91d16901293e51ba5b49a27e",
        "type": "github"
      },
      "original": {
        "owner": "nix-systems",
        "repo": "default",
        "type": "github"
      }
    }
  },
  "root": "root",
  "version": 7
}
